
Microsoft Visual Studio Solution File, Format Version 12.00
# Visual Studio Version 16
VisualStudioVersion = 16.0.29209.62
MinimumVisualStudioVersion = 15.0.26124.0
Project("{6EC3EE1D-3C4E-46DD-8F32-0CC8E7565705}") = "CogniteSdk", "src\CogniteSdk.fsproj", "{71D7712C-6ED2-4E70-AEA4-54FA149149C9}"
EndProject
Project("{2150E333-8FDC-42A3-9474-1A3956D46DE8}") = "test", "test", "{D6594809-62AA-416C-AA3E-D289963F012E}"
EndProject
Project("{6EC3EE1D-3C4E-46DD-8F32-0CC8E7565705}") = "Test.Integration", "test\integration\Test.Integration.fsproj", "{5181C216-9654-4BFE-AF1C-D758E0FC1720}"
EndProject
Project("{2150E333-8FDC-42A3-9474-1A3956D46DE8}") = "unit", "unit", "{EB111404-6ECD-4DE2-BA7D-08EBC9EBAD7E}"
EndProject
Project("{9A19103F-16F7-4668-BE54-9A1E7A4F7556}") = "Test.Unit", "test\unit\csharp\Test.Unit.csproj", "{CE035D14-2EA2-4AD4-AA9C-C540754CF2F8}"
EndProject
Project("{2150E333-8FDC-42A3-9474-1A3956D46DE8}") = "playground", "playground", "{8C9B6594-D6BC-47A2-8AA9-F0A7035E5D48}"
EndProject
Project("{9A19103F-16F7-4668-BE54-9A1E7A4F7556}") = "App", "playground\csharp\App.csproj", "{0C33C8B5-4AEB-4164-A6FF-02E452F00F65}"
EndProject
Project("{6EC3EE1D-3C4E-46DD-8F32-0CC8E7565705}") = "App", "playground\fsharp\App.fsproj", "{7DB1936B-CE7A-4449-9853-F0E95001D351}"
EndProject
Project("{FAE04EC0-301F-11D3-BF4B-00C04F79EFBC}") = "Test.CSharp.Integration", "Test.CSharp.Integration\Test.CSharp.Integration.csproj", "{0BC67F4F-EECF-424A-B3E4-BC6D89015B37}"
EndProject
Global
	GlobalSection(SolutionConfigurationPlatforms) = preSolution
		Debug|Any CPU = Debug|Any CPU
		Debug|x64 = Debug|x64
		Debug|x86 = Debug|x86
		Release|Any CPU = Release|Any CPU
		Release|x64 = Release|x64
		Release|x86 = Release|x86
	EndGlobalSection
	GlobalSection(ProjectConfigurationPlatforms) = postSolution
		{71D7712C-6ED2-4E70-AEA4-54FA149149C9}.Debug|Any CPU.ActiveCfg = Debug|Any CPU
		{71D7712C-6ED2-4E70-AEA4-54FA149149C9}.Debug|Any CPU.Build.0 = Debug|Any CPU
		{71D7712C-6ED2-4E70-AEA4-54FA149149C9}.Debug|x64.ActiveCfg = Debug|Any CPU
		{71D7712C-6ED2-4E70-AEA4-54FA149149C9}.Debug|x64.Build.0 = Debug|Any CPU
		{71D7712C-6ED2-4E70-AEA4-54FA149149C9}.Debug|x86.ActiveCfg = Debug|Any CPU
		{71D7712C-6ED2-4E70-AEA4-54FA149149C9}.Debug|x86.Build.0 = Debug|Any CPU
		{71D7712C-6ED2-4E70-AEA4-54FA149149C9}.Release|Any CPU.ActiveCfg = Release|Any CPU
		{71D7712C-6ED2-4E70-AEA4-54FA149149C9}.Release|Any CPU.Build.0 = Release|Any CPU
		{71D7712C-6ED2-4E70-AEA4-54FA149149C9}.Release|x64.ActiveCfg = Release|Any CPU
		{71D7712C-6ED2-4E70-AEA4-54FA149149C9}.Release|x64.Build.0 = Release|Any CPU
		{71D7712C-6ED2-4E70-AEA4-54FA149149C9}.Release|x86.ActiveCfg = Release|Any CPU
		{71D7712C-6ED2-4E70-AEA4-54FA149149C9}.Release|x86.Build.0 = Release|Any CPU
		{5181C216-9654-4BFE-AF1C-D758E0FC1720}.Debug|Any CPU.ActiveCfg = Debug|Any CPU
		{5181C216-9654-4BFE-AF1C-D758E0FC1720}.Debug|Any CPU.Build.0 = Debug|Any CPU
		{5181C216-9654-4BFE-AF1C-D758E0FC1720}.Debug|x64.ActiveCfg = Debug|Any CPU
		{5181C216-9654-4BFE-AF1C-D758E0FC1720}.Debug|x64.Build.0 = Debug|Any CPU
		{5181C216-9654-4BFE-AF1C-D758E0FC1720}.Debug|x86.ActiveCfg = Debug|Any CPU
		{5181C216-9654-4BFE-AF1C-D758E0FC1720}.Debug|x86.Build.0 = Debug|Any CPU
		{5181C216-9654-4BFE-AF1C-D758E0FC1720}.Release|Any CPU.ActiveCfg = Release|Any CPU
		{5181C216-9654-4BFE-AF1C-D758E0FC1720}.Release|Any CPU.Build.0 = Release|Any CPU
		{5181C216-9654-4BFE-AF1C-D758E0FC1720}.Release|x64.ActiveCfg = Release|Any CPU
		{5181C216-9654-4BFE-AF1C-D758E0FC1720}.Release|x64.Build.0 = Release|Any CPU
		{5181C216-9654-4BFE-AF1C-D758E0FC1720}.Release|x86.ActiveCfg = Release|Any CPU
		{5181C216-9654-4BFE-AF1C-D758E0FC1720}.Release|x86.Build.0 = Release|Any CPU
		{CE035D14-2EA2-4AD4-AA9C-C540754CF2F8}.Debug|Any CPU.ActiveCfg = Debug|Any CPU
		{CE035D14-2EA2-4AD4-AA9C-C540754CF2F8}.Debug|Any CPU.Build.0 = Debug|Any CPU
		{CE035D14-2EA2-4AD4-AA9C-C540754CF2F8}.Debug|x64.ActiveCfg = Debug|Any CPU
		{CE035D14-2EA2-4AD4-AA9C-C540754CF2F8}.Debug|x64.Build.0 = Debug|Any CPU
		{CE035D14-2EA2-4AD4-AA9C-C540754CF2F8}.Debug|x86.ActiveCfg = Debug|Any CPU
		{CE035D14-2EA2-4AD4-AA9C-C540754CF2F8}.Debug|x86.Build.0 = Debug|Any CPU
		{CE035D14-2EA2-4AD4-AA9C-C540754CF2F8}.Release|Any CPU.ActiveCfg = Release|Any CPU
		{CE035D14-2EA2-4AD4-AA9C-C540754CF2F8}.Release|Any CPU.Build.0 = Release|Any CPU
		{CE035D14-2EA2-4AD4-AA9C-C540754CF2F8}.Release|x64.ActiveCfg = Release|Any CPU
		{CE035D14-2EA2-4AD4-AA9C-C540754CF2F8}.Release|x64.Build.0 = Release|Any CPU
		{CE035D14-2EA2-4AD4-AA9C-C540754CF2F8}.Release|x86.ActiveCfg = Release|Any CPU
		{CE035D14-2EA2-4AD4-AA9C-C540754CF2F8}.Release|x86.Build.0 = Release|Any CPU
		{0C33C8B5-4AEB-4164-A6FF-02E452F00F65}.Debug|Any CPU.ActiveCfg = Debug|Any CPU
		{0C33C8B5-4AEB-4164-A6FF-02E452F00F65}.Debug|Any CPU.Build.0 = Debug|Any CPU
		{0C33C8B5-4AEB-4164-A6FF-02E452F00F65}.Debug|x64.ActiveCfg = Debug|Any CPU
		{0C33C8B5-4AEB-4164-A6FF-02E452F00F65}.Debug|x64.Build.0 = Debug|Any CPU
		{0C33C8B5-4AEB-4164-A6FF-02E452F00F65}.Debug|x86.ActiveCfg = Debug|Any CPU
		{0C33C8B5-4AEB-4164-A6FF-02E452F00F65}.Debug|x86.Build.0 = Debug|Any CPU
		{0C33C8B5-4AEB-4164-A6FF-02E452F00F65}.Release|Any CPU.ActiveCfg = Release|Any CPU
		{0C33C8B5-4AEB-4164-A6FF-02E452F00F65}.Release|Any CPU.Build.0 = Release|Any CPU
		{0C33C8B5-4AEB-4164-A6FF-02E452F00F65}.Release|x64.ActiveCfg = Release|Any CPU
		{0C33C8B5-4AEB-4164-A6FF-02E452F00F65}.Release|x64.Build.0 = Release|Any CPU
		{0C33C8B5-4AEB-4164-A6FF-02E452F00F65}.Release|x86.ActiveCfg = Release|Any CPU
		{0C33C8B5-4AEB-4164-A6FF-02E452F00F65}.Release|x86.Build.0 = Release|Any CPU
		{7DB1936B-CE7A-4449-9853-F0E95001D351}.Debug|Any CPU.ActiveCfg = Debug|Any CPU
		{7DB1936B-CE7A-4449-9853-F0E95001D351}.Debug|Any CPU.Build.0 = Debug|Any CPU
		{7DB1936B-CE7A-4449-9853-F0E95001D351}.Debug|x64.ActiveCfg = Debug|Any CPU
		{7DB1936B-CE7A-4449-9853-F0E95001D351}.Debug|x64.Build.0 = Debug|Any CPU
		{7DB1936B-CE7A-4449-9853-F0E95001D351}.Debug|x86.ActiveCfg = Debug|Any CPU
		{7DB1936B-CE7A-4449-9853-F0E95001D351}.Debug|x86.Build.0 = Debug|Any CPU
		{7DB1936B-CE7A-4449-9853-F0E95001D351}.Release|Any CPU.ActiveCfg = Release|Any CPU
		{7DB1936B-CE7A-4449-9853-F0E95001D351}.Release|Any CPU.Build.0 = Release|Any CPU
		{7DB1936B-CE7A-4449-9853-F0E95001D351}.Release|x64.ActiveCfg = Release|Any CPU
		{7DB1936B-CE7A-4449-9853-F0E95001D351}.Release|x64.Build.0 = Release|Any CPU
		{7DB1936B-CE7A-4449-9853-F0E95001D351}.Release|x86.ActiveCfg = Release|Any CPU
		{7DB1936B-CE7A-4449-9853-F0E95001D351}.Release|x86.Build.0 = Release|Any CPU
		{0BC67F4F-EECF-424A-B3E4-BC6D89015B37}.Debug|Any CPU.ActiveCfg = Debug|Any CPU
		{0BC67F4F-EECF-424A-B3E4-BC6D89015B37}.Debug|Any CPU.Build.0 = Debug|Any CPU
		{0BC67F4F-EECF-424A-B3E4-BC6D89015B37}.Debug|x64.ActiveCfg = Debug|Any CPU
		{0BC67F4F-EECF-424A-B3E4-BC6D89015B37}.Debug|x64.Build.0 = Debug|Any CPU
		{0BC67F4F-EECF-424A-B3E4-BC6D89015B37}.Debug|x86.ActiveCfg = Debug|Any CPU
		{0BC67F4F-EECF-424A-B3E4-BC6D89015B37}.Debug|x86.Build.0 = Debug|Any CPU
		{0BC67F4F-EECF-424A-B3E4-BC6D89015B37}.Release|Any CPU.ActiveCfg = Release|Any CPU
		{0BC67F4F-EECF-424A-B3E4-BC6D89015B37}.Release|Any CPU.Build.0 = Release|Any CPU
		{0BC67F4F-EECF-424A-B3E4-BC6D89015B37}.Release|x64.ActiveCfg = Release|Any CPU
		{0BC67F4F-EECF-424A-B3E4-BC6D89015B37}.Release|x64.Build.0 = Release|Any CPU
		{0BC67F4F-EECF-424A-B3E4-BC6D89015B37}.Release|x86.ActiveCfg = Release|Any CPU
		{0BC67F4F-EECF-424A-B3E4-BC6D89015B37}.Release|x86.Build.0 = Release|Any CPU
	EndGlobalSection
	GlobalSection(SolutionProperties) = preSolution
		HideSolutionNode = FALSE
	EndGlobalSection
	GlobalSection(NestedProjects) = preSolution
		{5181C216-9654-4BFE-AF1C-D758E0FC1720} = {D6594809-62AA-416C-AA3E-D289963F012E}
		{EB111404-6ECD-4DE2-BA7D-08EBC9EBAD7E} = {D6594809-62AA-416C-AA3E-D289963F012E}
		{CE035D14-2EA2-4AD4-AA9C-C540754CF2F8} = {EB111404-6ECD-4DE2-BA7D-08EBC9EBAD7E}
		{0C33C8B5-4AEB-4164-A6FF-02E452F00F65} = {8C9B6594-D6BC-47A2-8AA9-F0A7035E5D48}
		{7DB1936B-CE7A-4449-9853-F0E95001D351} = {8C9B6594-D6BC-47A2-8AA9-F0A7035E5D48}
		{0BC67F4F-EECF-424A-B3E4-BC6D89015B37} = {D6594809-62AA-416C-AA3E-D289963F012E}
	EndGlobalSection
	GlobalSection(ExtensibilityGlobals) = postSolution
		SolutionGuid = {30342030-1874-42CA-94C9-897C12C02FEB}
	EndGlobalSection
EndGlobal
