
Microsoft Visual Studio Solution File, Format Version 12.00
# Visual Studio 15
VisualStudioVersion = 15.0.26124.0
MinimumVisualStudioVersion = 15.0.26124.0
Project("{6EC3EE1D-3C4E-46DD-8F32-0CC8E7565705}") = "CogniteSdk.NET", "src\CogniteSdk.fsproj", "{3FCFDA62-5F01-48DA-8C10-21BEF0A6767C}"
EndProject
Project("{6EC3EE1D-3C4E-46DD-8F32-0CC8E7565705}") = "Tests", "test\fsharp\Tests.fsproj", "{C9DC0397-6B73-40F0-BB71-ED3ABA2FFB5A}"
EndProject
Project("{6EC3EE1D-3C4E-46DD-8F32-0CC8E7565705}") = "App", "app\App.fsproj", "{470C6B46-4369-4E38-8AA1-D1D68BCE1C09}"
EndProject
Project("{9A19103F-16F7-4668-BE54-9A1E7A4F7556}") = "CSharp", "csharp\csharp.csproj", "{7C79D0F4-F6B3-49CE-881F-EBBBDB494DF0}"
EndProject
Project("{2150E333-8FDC-42A3-9474-1A3956D46DE8}") = "test", "test", "{AB818E6C-EEEE-4905-AAAA-08F3FE6F4B58}"
EndProject
Project("{FAE04EC0-301F-11D3-BF4B-00C04F79EFBC}") = "csharp", "test\csharp\csharp.csproj", "{20CD8C90-EB7E-4E6C-8507-C861652E4E9D}"
EndProject
Global
	GlobalSection(SolutionConfigurationPlatforms) = preSolution
		Debug|Any CPU = Debug|Any CPU
		Debug|x64 = Debug|x64
		Debug|x86 = Debug|x86
		Release|Any CPU = Release|Any CPU
		Release|x64 = Release|x64
		Release|x86 = Release|x86
	EndGlobalSection
	GlobalSection(ProjectConfigurationPlatforms) = postSolution
		{3FCFDA62-5F01-48DA-8C10-21BEF0A6767C}.Debug|Any CPU.ActiveCfg = Debug|Any CPU
		{3FCFDA62-5F01-48DA-8C10-21BEF0A6767C}.Debug|Any CPU.Build.0 = Debug|Any CPU
		{3FCFDA62-5F01-48DA-8C10-21BEF0A6767C}.Debug|x64.ActiveCfg = Debug|Any CPU
		{3FCFDA62-5F01-48DA-8C10-21BEF0A6767C}.Debug|x64.Build.0 = Debug|Any CPU
		{3FCFDA62-5F01-48DA-8C10-21BEF0A6767C}.Debug|x86.ActiveCfg = Debug|Any CPU
		{3FCFDA62-5F01-48DA-8C10-21BEF0A6767C}.Debug|x86.Build.0 = Debug|Any CPU
		{3FCFDA62-5F01-48DA-8C10-21BEF0A6767C}.Release|Any CPU.ActiveCfg = Release|Any CPU
		{3FCFDA62-5F01-48DA-8C10-21BEF0A6767C}.Release|Any CPU.Build.0 = Release|Any CPU
		{3FCFDA62-5F01-48DA-8C10-21BEF0A6767C}.Release|x64.ActiveCfg = Release|Any CPU
		{3FCFDA62-5F01-48DA-8C10-21BEF0A6767C}.Release|x64.Build.0 = Release|Any CPU
		{3FCFDA62-5F01-48DA-8C10-21BEF0A6767C}.Release|x86.ActiveCfg = Release|Any CPU
		{3FCFDA62-5F01-48DA-8C10-21BEF0A6767C}.Release|x86.Build.0 = Release|Any CPU
		{C9DC0397-6B73-40F0-BB71-ED3ABA2FFB5A}.Debug|Any CPU.ActiveCfg = Debug|Any CPU
		{C9DC0397-6B73-40F0-BB71-ED3ABA2FFB5A}.Debug|Any CPU.Build.0 = Debug|Any CPU
		{C9DC0397-6B73-40F0-BB71-ED3ABA2FFB5A}.Debug|x64.ActiveCfg = Debug|Any CPU
		{C9DC0397-6B73-40F0-BB71-ED3ABA2FFB5A}.Debug|x64.Build.0 = Debug|Any CPU
		{C9DC0397-6B73-40F0-BB71-ED3ABA2FFB5A}.Debug|x86.ActiveCfg = Debug|Any CPU
		{C9DC0397-6B73-40F0-BB71-ED3ABA2FFB5A}.Debug|x86.Build.0 = Debug|Any CPU
		{C9DC0397-6B73-40F0-BB71-ED3ABA2FFB5A}.Release|Any CPU.ActiveCfg = Release|Any CPU
		{C9DC0397-6B73-40F0-BB71-ED3ABA2FFB5A}.Release|Any CPU.Build.0 = Release|Any CPU
		{C9DC0397-6B73-40F0-BB71-ED3ABA2FFB5A}.Release|x64.ActiveCfg = Release|Any CPU
		{C9DC0397-6B73-40F0-BB71-ED3ABA2FFB5A}.Release|x64.Build.0 = Release|Any CPU
		{C9DC0397-6B73-40F0-BB71-ED3ABA2FFB5A}.Release|x86.ActiveCfg = Release|Any CPU
		{C9DC0397-6B73-40F0-BB71-ED3ABA2FFB5A}.Release|x86.Build.0 = Release|Any CPU
		{470C6B46-4369-4E38-8AA1-D1D68BCE1C09}.Debug|Any CPU.ActiveCfg = Debug|Any CPU
		{470C6B46-4369-4E38-8AA1-D1D68BCE1C09}.Debug|Any CPU.Build.0 = Debug|Any CPU
		{470C6B46-4369-4E38-8AA1-D1D68BCE1C09}.Debug|x64.ActiveCfg = Debug|Any CPU
		{470C6B46-4369-4E38-8AA1-D1D68BCE1C09}.Debug|x64.Build.0 = Debug|Any CPU
		{470C6B46-4369-4E38-8AA1-D1D68BCE1C09}.Debug|x86.ActiveCfg = Debug|Any CPU
		{470C6B46-4369-4E38-8AA1-D1D68BCE1C09}.Debug|x86.Build.0 = Debug|Any CPU
		{470C6B46-4369-4E38-8AA1-D1D68BCE1C09}.Release|Any CPU.ActiveCfg = Release|Any CPU
		{470C6B46-4369-4E38-8AA1-D1D68BCE1C09}.Release|Any CPU.Build.0 = Release|Any CPU
		{470C6B46-4369-4E38-8AA1-D1D68BCE1C09}.Release|x64.ActiveCfg = Release|Any CPU
		{470C6B46-4369-4E38-8AA1-D1D68BCE1C09}.Release|x64.Build.0 = Release|Any CPU
		{470C6B46-4369-4E38-8AA1-D1D68BCE1C09}.Release|x86.ActiveCfg = Release|Any CPU
		{470C6B46-4369-4E38-8AA1-D1D68BCE1C09}.Release|x86.Build.0 = Release|Any CPU
		{7C79D0F4-F6B3-49CE-881F-EBBBDB494DF0}.Debug|Any CPU.ActiveCfg = Debug|Any CPU
		{7C79D0F4-F6B3-49CE-881F-EBBBDB494DF0}.Debug|Any CPU.Build.0 = Debug|Any CPU
		{7C79D0F4-F6B3-49CE-881F-EBBBDB494DF0}.Debug|x64.ActiveCfg = Debug|Any CPU
		{7C79D0F4-F6B3-49CE-881F-EBBBDB494DF0}.Debug|x64.Build.0 = Debug|Any CPU
		{7C79D0F4-F6B3-49CE-881F-EBBBDB494DF0}.Debug|x86.ActiveCfg = Debug|Any CPU
		{7C79D0F4-F6B3-49CE-881F-EBBBDB494DF0}.Debug|x86.Build.0 = Debug|Any CPU
		{7C79D0F4-F6B3-49CE-881F-EBBBDB494DF0}.Release|Any CPU.ActiveCfg = Release|Any CPU
		{7C79D0F4-F6B3-49CE-881F-EBBBDB494DF0}.Release|Any CPU.Build.0 = Release|Any CPU
		{7C79D0F4-F6B3-49CE-881F-EBBBDB494DF0}.Release|x64.ActiveCfg = Release|Any CPU
		{7C79D0F4-F6B3-49CE-881F-EBBBDB494DF0}.Release|x64.Build.0 = Release|Any CPU
		{7C79D0F4-F6B3-49CE-881F-EBBBDB494DF0}.Release|x86.ActiveCfg = Release|Any CPU
		{7C79D0F4-F6B3-49CE-881F-EBBBDB494DF0}.Release|x86.Build.0 = Release|Any CPU
		{20CD8C90-EB7E-4E6C-8507-C861652E4E9D}.Debug|Any CPU.ActiveCfg = Debug|Any CPU
		{20CD8C90-EB7E-4E6C-8507-C861652E4E9D}.Debug|Any CPU.Build.0 = Debug|Any CPU
		{20CD8C90-EB7E-4E6C-8507-C861652E4E9D}.Debug|x64.ActiveCfg = Debug|Any CPU
		{20CD8C90-EB7E-4E6C-8507-C861652E4E9D}.Debug|x64.Build.0 = Debug|Any CPU
		{20CD8C90-EB7E-4E6C-8507-C861652E4E9D}.Debug|x86.ActiveCfg = Debug|Any CPU
		{20CD8C90-EB7E-4E6C-8507-C861652E4E9D}.Debug|x86.Build.0 = Debug|Any CPU
		{20CD8C90-EB7E-4E6C-8507-C861652E4E9D}.Release|Any CPU.ActiveCfg = Release|Any CPU
		{20CD8C90-EB7E-4E6C-8507-C861652E4E9D}.Release|Any CPU.Build.0 = Release|Any CPU
		{20CD8C90-EB7E-4E6C-8507-C861652E4E9D}.Release|x64.ActiveCfg = Release|Any CPU
		{20CD8C90-EB7E-4E6C-8507-C861652E4E9D}.Release|x64.Build.0 = Release|Any CPU
		{20CD8C90-EB7E-4E6C-8507-C861652E4E9D}.Release|x86.ActiveCfg = Release|Any CPU
		{20CD8C90-EB7E-4E6C-8507-C861652E4E9D}.Release|x86.Build.0 = Release|Any CPU
	EndGlobalSection
	GlobalSection(SolutionProperties) = preSolution
		HideSolutionNode = FALSE
	EndGlobalSection
	GlobalSection(ExtensibilityGlobals) = postSolution
		SolutionGuid = {1620E77D-E23E-4A4E-A1E9-D22AD9711302}
	EndGlobalSection
	GlobalSection(NestedProjects) = preSolution
		{20CD8C90-EB7E-4E6C-8507-C861652E4E9D} = {AB818E6C-EEEE-4905-AAAA-08F3FE6F4B58}
	EndGlobalSection
EndGlobal
